
Microsoft Visual Studio Solution File, Format Version 12.00
# Visual Studio Version 16
VisualStudioVersion = 16.0.30413.136
MinimumVisualStudioVersion = 10.0.40219.1
Project("{9A19103F-16F7-4668-BE54-9A1E7A4F7556}") = "Sales", "Sales\Sales.csproj", "{426214DC-4F79-40A1-930F-9BC2D3FD04C5}"
EndProject
Project("{9A19103F-16F7-4668-BE54-9A1E7A4F7556}") = "Sales.Infrastructure", "Sales.Infrastructure\Sales.Infrastructure.csproj", "{E3EA7C70-2FCD-4B0D-93A5-3AE3A03185D4}"
EndProject
Project("{9A19103F-16F7-4668-BE54-9A1E7A4F7556}") = "Sales.Application", "Sales.Application\Sales.Application.csproj", "{F70B6D83-D2B7-42C9-BB29-2B8FDEFCACDA}"
EndProject
Project("{9A19103F-16F7-4668-BE54-9A1E7A4F7556}") = "Sales.CrossCutting", "Sales.CrossCutting\Sales.CrossCutting.csproj", "{1264B501-DB74-40DA-BB4A-8576D67FB72B}"
EndProject
Project("{9A19103F-16F7-4668-BE54-9A1E7A4F7556}") = "Sales.CrossCutting.IoC", "Sales.CrossCutting.IoC\Sales.CrossCutting.IoC.csproj", "{F91068D5-A99A-4F92-AB94-32137B6B3E1A}"
EndProject
Project("{2150E333-8FDC-42A3-9474-1A3956D46DE8}") = "01 - Core", "01 - Core", "{96FF69E0-9E05-4E28-8980-68362DACA33F}"
EndProject
Project("{2150E333-8FDC-42A3-9474-1A3956D46DE8}") = "01 - Infrastructure", "01 - Infrastructure", "{FC361787-FAC5-4C20-8D0F-2CC9A842E49D}"
EndProject
Project("{2150E333-8FDC-42A3-9474-1A3956D46DE8}") = "02 - Domain", "02 - Domain", "{9988AB99-272A-4B19-8C55-E379A98983D2}"
EndProject
Project("{2150E333-8FDC-42A3-9474-1A3956D46DE8}") = "03 - Application", "03 - Application", "{553B39E8-A49C-4A83-80B1-72B95DD1C0C0}"
EndProject
Project("{2150E333-8FDC-42A3-9474-1A3956D46DE8}") = "02 - CrossCutting", "02 - CrossCutting", "{1EAC0A55-829F-4698-9B53-404B45C13DE8}"
EndProject
Project("{2150E333-8FDC-42A3-9474-1A3956D46DE8}") = "04 - Web", "04 - Web", "{8B9B9371-D294-4FA3-8C18-6D4F1EF50705}"
EndProject
Project("{9A19103F-16F7-4668-BE54-9A1E7A4F7556}") = "Sales.Service", "Sales.Service\Sales.Service.csproj", "{D7779153-AB07-439C-89F0-A5B3B6C8AE9B}"
EndProject
Project("{2150E333-8FDC-42A3-9474-1A3956D46DE8}") = "05 - Test", "05 - Test", "{D322B267-0605-40BE-B13E-365F89185020}"
EndProject
Project("{9A19103F-16F7-4668-BE54-9A1E7A4F7556}") = "Sales.Test", "Sales.Test\Sales.Test.csproj", "{A9B61114-B7B2-4854-9B37-E350B828D4C0}"
EndProject
Project("{9A19103F-16F7-4668-BE54-9A1E7A4F7556}") = "Sales.Model", "Sales.Model\Sales.Model.csproj", "{2E6DCDFE-5591-4458-9F2E-93C57588A94C}"
EndProject
Global
	GlobalSection(SolutionConfigurationPlatforms) = preSolution
		Debug|Any CPU = Debug|Any CPU
		Release|Any CPU = Release|Any CPU
	EndGlobalSection
	GlobalSection(ProjectConfigurationPlatforms) = postSolution
		{426214DC-4F79-40A1-930F-9BC2D3FD04C5}.Debug|Any CPU.ActiveCfg = Debug|Any CPU
		{426214DC-4F79-40A1-930F-9BC2D3FD04C5}.Debug|Any CPU.Build.0 = Debug|Any CPU
		{426214DC-4F79-40A1-930F-9BC2D3FD04C5}.Release|Any CPU.ActiveCfg = Release|Any CPU
		{426214DC-4F79-40A1-930F-9BC2D3FD04C5}.Release|Any CPU.Build.0 = Release|Any CPU
		{E3EA7C70-2FCD-4B0D-93A5-3AE3A03185D4}.Debug|Any CPU.ActiveCfg = Debug|Any CPU
		{E3EA7C70-2FCD-4B0D-93A5-3AE3A03185D4}.Debug|Any CPU.Build.0 = Debug|Any CPU
		{E3EA7C70-2FCD-4B0D-93A5-3AE3A03185D4}.Release|Any CPU.ActiveCfg = Release|Any CPU
		{E3EA7C70-2FCD-4B0D-93A5-3AE3A03185D4}.Release|Any CPU.Build.0 = Release|Any CPU
		{F70B6D83-D2B7-42C9-BB29-2B8FDEFCACDA}.Debug|Any CPU.ActiveCfg = Debug|Any CPU
		{F70B6D83-D2B7-42C9-BB29-2B8FDEFCACDA}.Debug|Any CPU.Build.0 = Debug|Any CPU
		{F70B6D83-D2B7-42C9-BB29-2B8FDEFCACDA}.Release|Any CPU.ActiveCfg = Release|Any CPU
		{F70B6D83-D2B7-42C9-BB29-2B8FDEFCACDA}.Release|Any CPU.Build.0 = Release|Any CPU
		{1264B501-DB74-40DA-BB4A-8576D67FB72B}.Debug|Any CPU.ActiveCfg = Debug|Any CPU
		{1264B501-DB74-40DA-BB4A-8576D67FB72B}.Debug|Any CPU.Build.0 = Debug|Any CPU
		{1264B501-DB74-40DA-BB4A-8576D67FB72B}.Release|Any CPU.ActiveCfg = Release|Any CPU
		{1264B501-DB74-40DA-BB4A-8576D67FB72B}.Release|Any CPU.Build.0 = Release|Any CPU
		{F91068D5-A99A-4F92-AB94-32137B6B3E1A}.Debug|Any CPU.ActiveCfg = Debug|Any CPU
		{F91068D5-A99A-4F92-AB94-32137B6B3E1A}.Debug|Any CPU.Build.0 = Debug|Any CPU
		{F91068D5-A99A-4F92-AB94-32137B6B3E1A}.Release|Any CPU.ActiveCfg = Release|Any CPU
		{F91068D5-A99A-4F92-AB94-32137B6B3E1A}.Release|Any CPU.Build.0 = Release|Any CPU
		{D7779153-AB07-439C-89F0-A5B3B6C8AE9B}.Debug|Any CPU.ActiveCfg = Debug|Any CPU
		{D7779153-AB07-439C-89F0-A5B3B6C8AE9B}.Debug|Any CPU.Build.0 = Debug|Any CPU
		{D7779153-AB07-439C-89F0-A5B3B6C8AE9B}.Release|Any CPU.ActiveCfg = Release|Any CPU
		{D7779153-AB07-439C-89F0-A5B3B6C8AE9B}.Release|Any CPU.Build.0 = Release|Any CPU
		{A9B61114-B7B2-4854-9B37-E350B828D4C0}.Debug|Any CPU.ActiveCfg = Debug|Any CPU
		{A9B61114-B7B2-4854-9B37-E350B828D4C0}.Debug|Any CPU.Build.0 = Debug|Any CPU
		{A9B61114-B7B2-4854-9B37-E350B828D4C0}.Release|Any CPU.ActiveCfg = Release|Any CPU
		{A9B61114-B7B2-4854-9B37-E350B828D4C0}.Release|Any CPU.Build.0 = Release|Any CPU
		{2E6DCDFE-5591-4458-9F2E-93C57588A94C}.Debug|Any CPU.ActiveCfg = Debug|Any CPU
		{2E6DCDFE-5591-4458-9F2E-93C57588A94C}.Debug|Any CPU.Build.0 = Debug|Any CPU
		{2E6DCDFE-5591-4458-9F2E-93C57588A94C}.Release|Any CPU.ActiveCfg = Release|Any CPU
		{2E6DCDFE-5591-4458-9F2E-93C57588A94C}.Release|Any CPU.Build.0 = Release|Any CPU
	EndGlobalSection
	GlobalSection(SolutionProperties) = preSolution
		HideSolutionNode = FALSE
	EndGlobalSection
	GlobalSection(NestedProjects) = preSolution
		{426214DC-4F79-40A1-930F-9BC2D3FD04C5} = {8B9B9371-D294-4FA3-8C18-6D4F1EF50705}
		{E3EA7C70-2FCD-4B0D-93A5-3AE3A03185D4} = {FC361787-FAC5-4C20-8D0F-2CC9A842E49D}
		{F70B6D83-D2B7-42C9-BB29-2B8FDEFCACDA} = {553B39E8-A49C-4A83-80B1-72B95DD1C0C0}
		{1264B501-DB74-40DA-BB4A-8576D67FB72B} = {1EAC0A55-829F-4698-9B53-404B45C13DE8}
		{F91068D5-A99A-4F92-AB94-32137B6B3E1A} = {1EAC0A55-829F-4698-9B53-404B45C13DE8}
		{FC361787-FAC5-4C20-8D0F-2CC9A842E49D} = {96FF69E0-9E05-4E28-8980-68362DACA33F}
		{9988AB99-272A-4B19-8C55-E379A98983D2} = {96FF69E0-9E05-4E28-8980-68362DACA33F}
		{D7779153-AB07-439C-89F0-A5B3B6C8AE9B} = {9988AB99-272A-4B19-8C55-E379A98983D2}
		{A9B61114-B7B2-4854-9B37-E350B828D4C0} = {D322B267-0605-40BE-B13E-365F89185020}
		{2E6DCDFE-5591-4458-9F2E-93C57588A94C} = {9988AB99-272A-4B19-8C55-E379A98983D2}
	EndGlobalSection
	GlobalSection(ExtensibilityGlobals) = postSolution
		SolutionGuid = {DBD264FD-CDE3-4CC0-838A-1F80A7671C50}
	EndGlobalSection
EndGlobal
